
Microsoft Visual Studio Solution File, Format Version 12.00
Project("{FAE04EC0-301F-11D3-BF4B-00C04F79EFBC}") = "GitHubSystem", "GitHubSystem\GitHubSystem.csproj", "{FFD1C490-F55C-49DA-9F48-980BC62A8CF8}"
EndProject
Project("{FAE04EC0-301F-11D3-BF4B-00C04F79EFBC}") = "GitHubSystem.Tests", "GitHubSystem.Tests\GitHubSystem.Tests.csproj", "{F66F1B87-38E4-437E-9BDA-B7E3411443D8}"
EndProject
Global
	GlobalSection(SolutionConfigurationPlatforms) = preSolution
		Debug|Any CPU = Debug|Any CPU
		Release|Any CPU = Release|Any CPU
	EndGlobalSection
	GlobalSection(ProjectConfigurationPlatforms) = postSolution
		{FFD1C490-F55C-49DA-9F48-980BC62A8CF8}.Debug|Any CPU.ActiveCfg = Debug|Any CPU
		{FFD1C490-F55C-49DA-9F48-980BC62A8CF8}.Debug|Any CPU.Build.0 = Debug|Any CPU
		{FFD1C490-F55C-49DA-9F48-980BC62A8CF8}.Release|Any CPU.ActiveCfg = Release|Any CPU
		{FFD1C490-F55C-49DA-9F48-980BC62A8CF8}.Release|Any CPU.Build.0 = Release|Any CPU
		{F66F1B87-38E4-437E-9BDA-B7E3411443D8}.Debug|Any CPU.ActiveCfg = Debug|Any CPU
		{F66F1B87-38E4-437E-9BDA-B7E3411443D8}.Debug|Any CPU.Build.0 = Debug|Any CPU
		{F66F1B87-38E4-437E-9BDA-B7E3411443D8}.Release|Any CPU.ActiveCfg = Release|Any CPU
		{F66F1B87-38E4-437E-9BDA-B7E3411443D8}.Release|Any CPU.Build.0 = Release|Any CPU
	EndGlobalSection
EndGlobal
